Microsoft Visual Studio Solution File, Format Version 12.00
# Visual Studio Version 17
VisualStudioVersion = 17.5.2.0
MinimumVisualStudioVersion = 10.0.40219.1
Project("{FAE04EC0-301F-11D3-BF4B-00C04F79EFBC}") = "CarDiagnostics", "CarDiagnostics.csproj", "{2012F74B-F5D5-56FB-69D2-6B23E66A504E}"
EndProject
Global
	GlobalSection(SolutionConfigurationPlatforms) = preSolution
		Debug|Any CPU = Debug|Any CPU
		Release|Any CPU = Release|Any CPU
	EndGlobalSection
	GlobalSection(ProjectConfigurationPlatforms) = postSolution
		{2012F74B-F5D5-56FB-69D2-6B23E66A504E}.Debug|Any CPU.ActiveCfg = Debug|Any CPU
		{2012F74B-F5D5-56FB-69D2-6B23E66A504E}.Debug|Any CPU.Build.0 = Debug|Any CPU
		{2012F74B-F5D5-56FB-69D2-6B23E66A504E}.Release|Any CPU.ActiveCfg = Release|Any CPU
		{2012F74B-F5D5-56FB-69D2-6B23E66A504E}.Release|Any CPU.Build.0 = Release|Any CPU
	EndGlobalSection
	GlobalSection(SolutionProperties) = preSolution
		HideSolutionNode = FALSE
	EndGlobalSection
	GlobalSection(ExtensibilityGlobals) = postSolution
		SolutionGuid = {8AE634D7-780D-4318-A94F-01DC10527A00}
	EndGlobalSection
EndGlobal
